{
  "lockfile-version": 1,
  "manifest": {
    "schema-version": "1.10.0",
    "install": {
      "go": {
        "pkg-path": "go"
      },
      "iana-etc": {
        "pkg-path": "iana-etc"
      },
      "mailcap": {
        "pkg-path": "mailcap"
      },
      "tmux": {
        "pkg-path": "tmux"
      },
      "tzdata": {
        "pkg-path": "tzdata",
        "outputs": "all"
      }
    },
    "hook": {},
    "profile": {},
    "options": {},
    "build": {
      "agent-deck": {
        "command": "  # Use cache directory for cloning (with fallback to /tmp)\n  CACHE_DIR=\"${FLOX_ENV_CACHE:-/tmp}/agent-deck-build\"\n\n  # Clone the repository if not already present\n  if [ ! -d \"$CACHE_DIR\" ]; then\n    git clone https://github.com/asheshgoplani/agent-deck.git \"$CACHE_DIR\"\n  fi\n\n  cd \"$CACHE_DIR\"\n\n  # Fetch latest changes\n  git fetch --tags --force\n  git pull origin main || true\n  git checkout v0.28.3\n\n  # Build the binary as a fully static executable\n  CGO_ENABLED=0 go build -ldflags=\"-s -w\" -o agent-deck ./cmd/agent-deck\n\n  # Install to output directory\n  mkdir -p $out/bin\n  cp agent-deck $out/bin/\n",
        "runtime-packages": [
          "go",
          "tmux",
          "mailcap",
          "iana-etc",
          "tzdata"
        ],
        "version": {
          "command": "git describe --tags --always 2>/dev/null || echo 0.1.0"
        },
        "description": "Terminal UI for managing multiple AI agent sessions"
      }
    }
  },
  "packages": [
    {
      "attr_path": "go",
      "broken": false,
      "derivation": "/nix/store/jj5lr2n85rl99d40dcgvv8kh4p37i47d-go-1.26.1.drv",
      "description": "Go Programming language",
      "install_id": "go",
      "license": "BSD-3-Clause",
      "locked_url": "https://github.com/flox/nixpkgs?rev=6201e203d09599479a3b3450ed24fa81537ebc4e",
      "name": "go-1.26.1",
      "pname": "go",
      "rev": "6201e203d09599479a3b3450ed24fa81537ebc4e",
      "rev_count": 972949,
      "rev_date": "2026-04-01T09:47:46Z",
      "scrape_date": "2026-04-02T18:01:04.591490Z",
      "stabilities": [
        "staging",
        "unstable"
      ],
      "unfree": false,
      "version": "1.26.1",
      "outputs_to_install": [
        "out"
      ],
      "outputs": {
        "out": "/nix/store/kh43nhaz1qcpwws2xq805lrmwpmn9i3k-go-1.26.1"
      },
      "system": "aarch64-darwin",
      "group": "toplevel",
      "priority": 5
    },
    {
      "attr_path": "go",
      "broken": false,
      "derivation": "/nix/store/bgblqd7l0v7x7s504csalw9b5vwf4czc-go-1.26.1.drv",
      "description": "Go Programming language",
      "install_id": "go",
      "license": "BSD-3-Clause",
      "locked_url": "https://github.com/flox/nixpkgs?rev=6201e203d09599479a3b3450ed24fa81537ebc4e",
      "name": "go-1.26.1",
      "pname": "go",
      "rev": "6201e203d09599479a3b3450ed24fa81537ebc4e",
      "rev_count": 972949,
      "rev_date": "2026-04-01T09:47:46Z",
      "scrape_date": "2026-04-02T18:32:37.581111Z",
      "stabilities": [
        "staging",
        "unstable"
      ],
      "unfree": false,
      "version": "1.26.1",
      "outputs_to_install": [
        "out"
      ],
      "outputs": {
        "out": "/nix/store/rz1pqbm5z3zfby250i0djfmfzzj7khg9-go-1.26.1"
      },
      "system": "aarch64-linux",
      "group": "toplevel",
      "priority": 5
    },
    {
      "attr_path": "go",
      "broken": false,
      "derivation": "/nix/store/pcwra0rv1n0pq3r6sjlc6sx6a0bv499x-go-1.26.1.drv",
      "description": "Go Programming language",
      "install_id": "go",
      "license": "BSD-3-Clause",
      "locked_url": "https://github.com/flox/nixpkgs?rev=6201e203d09599479a3b3450ed24fa81537ebc4e",
      "name": "go-1.26.1",
      "pname": "go",
      "rev": "6201e203d09599479a3b3450ed24fa81537ebc4e",
      "rev_count": 972949,
      "rev_date": "2026-04-01T09:47:46Z",
      "scrape_date": "2026-04-02T19:02:19.454478Z",
      "stabilities": [
        "staging",
        "unstable"
      ],
      "unfree": false,
      "version": "1.26.1",
      "outputs_to_install": [
        "out"
      ],
      "outputs": {
        "out": "/nix/store/yv6jj27racylbfjw6a1cdr91ndxbgyf6-go-1.26.1"
      },
      "system": "x86_64-darwin",
      "group": "toplevel",
      "priority": 5
    },
    {
      "attr_path": "go",
      "broken": false,
      "derivation": "/nix/store/f7rh1lw0shd5471j9y6wpvc2j43czglz-go-1.26.1.drv",
      "description": "Go Programming language",
      "install_id": "go",
      "license": "BSD-3-Clause",
      "locked_url": "https://github.com/flox/nixpkgs?rev=6201e203d09599479a3b3450ed24fa81537ebc4e",
      "name": "go-1.26.1",
      "pname": "go",
      "rev": "6201e203d09599479a3b3450ed24fa81537ebc4e",
      "rev_count": 972949,
      "rev_date": "2026-04-01T09:47:46Z",
      "scrape_date": "2026-04-02T19:36:33.904995Z",
      "stabilities": [
        "staging",
        "unstable"
      ],
      "unfree": false,
      "version": "1.26.1",
      "outputs_to_install": [
        "out"
      ],
      "outputs": {
        "out": "/nix/store/ckcq2mj8zk0drhaaacy6mp9d924hnr4m-go-1.26.1"
      },
      "system": "x86_64-linux",
      "group": "toplevel",
      "priority": 5
    },
    {
      "attr_path": "iana-etc",
      "broken": false,
      "derivation": "/nix/store/4a8mrsib94mhx75yq183ikmnnfsm3qjk-iana-etc-20251215.drv",
      "description": "IANA protocol and port number assignments (/etc/protocols and /etc/services)",
      "install_id": "iana-etc",
      "license": "MIT",
      "locked_url": "https://github.com/flox/nixpkgs?rev=6201e203d09599479a3b3450ed24fa81537ebc4e",
      "name": "iana-etc-20251215",
      "pname": "iana-etc",
      "rev": "6201e203d09599479a3b3450ed24fa81537ebc4e",
      "rev_count": 972949,
      "rev_date": "2026-04-01T09:47:46Z",
      "scrape_date": "2026-04-02T18:01:18.884592Z",
      "stabilities": [
        "staging",
        "unstable"
      ],
      "unfree": false,
      "version": "20251215",
      "outputs_to_install": [
        "out",
        "out"
      ],
      "outputs": {
        "out": "/nix/store/rq31ilazgy9nknmvkl7kgz8rd119kqqh-iana-etc-20251215"
      },
      "system": "aarch64-darwin",
      "group": "toplevel",
      "priority": 5
    },
    {
      "attr_path": "iana-etc",
      "broken": false,
      "derivation": "/nix/store/w3sg3c0hsd5p484cjy713vcij5r08zd3-iana-etc-20251215.drv",
      "description": "IANA protocol and port number assignments (/etc/protocols and /etc/services)",
      "install_id": "iana-etc",
      "license": "MIT",
      "locked_url": "https://github.com/flox/nixpkgs?rev=6201e203d09599479a3b3450ed24fa81537ebc4e",
      "name": "iana-etc-20251215",
      "pname": "iana-etc",
      "rev": "6201e203d09599479a3b3450ed24fa81537ebc4e",
      "rev_count": 972949,
      "rev_date": "2026-04-01T09:47:46Z",
      "scrape_date": "2026-04-02T18:32:55.204317Z",
      "stabilities": [
        "staging",
        "unstable"
      ],
      "unfree": false,
      "version": "20251215",
      "outputs_to_install": [
        "out",
        "out"
      ],
      "outputs": {
        "out": "/nix/store/rydp030snpp97cpmg98g8k00bdlqrryb-iana-etc-20251215"
      },
      "system": "aarch64-linux",
      "group": "toplevel",
      "priority": 5
    },
    {
      "attr_path": "iana-etc",
      "broken": false,
      "derivation": "/nix/store/kh405zdzlivvmv37mm87b88xlfnq14rs-iana-etc-20251215.drv",
      "description": "IANA protocol and port number assignments (/etc/protocols and /etc/services)",
      "install_id": "iana-etc",
      "license": "MIT",
      "locked_url": "https://github.com/flox/nixpkgs?rev=6201e203d09599479a3b3450ed24fa81537ebc4e",
      "name": "iana-etc-20251215",
      "pname": "iana-etc",
      "rev": "6201e203d09599479a3b3450ed24fa81537ebc4e",
      "rev_count": 972949,
      "rev_date": "2026-04-01T09:47:46Z",
      "scrape_date": "2026-04-02T19:02:33.828230Z",
      "stabilities": [
        "staging",
        "unstable"
      ],
      "unfree": false,
      "version": "20251215",
      "outputs_to_install": [
        "out"
      ],
      "outputs": {
        "out": "/nix/store/s1m0ijkrvlhidymc7fxmsil52hcyk9xd-iana-etc-20251215"
      },
      "system": "x86_64-darwin",
      "group": "toplevel",
      "priority": 5
    },
    {
      "attr_path": "iana-etc",
      "broken": false,
      "derivation": "/nix/store/bym651xifxzdqgddyr4dy709jch4pwgy-iana-etc-20251215.drv",
      "description": "IANA protocol and port number assignments (/etc/protocols and /etc/services)",
      "install_id": "iana-etc",
      "license": "MIT",
      "locked_url": "https://github.com/flox/nixpkgs?rev=6201e203d09599479a3b3450ed24fa81537ebc4e",
      "name": "iana-etc-20251215",
      "pname": "iana-etc",
      "rev": "6201e203d09599479a3b3450ed24fa81537ebc4e",
      "rev_count": 972949,
      "rev_date": "2026-04-01T09:47:46Z",
      "scrape_date": "2026-04-02T19:36:52.467910Z",
      "stabilities": [
        "staging",
        "unstable"
      ],
      "unfree": false,
      "version": "20251215",
      "outputs_to_install": [
        "out",
        "out"
      ],
      "outputs": {
        "out": "/nix/store/2ly61i1c0ipwq73w2102lr6px5mlfsjb-iana-etc-20251215"
      },
      "system": "x86_64-linux",
      "group": "toplevel",
      "priority": 5
    },
    {
      "attr_path": "mailcap",
      "broken": false,
      "derivation": "/nix/store/fpz2y5bn68fn1s1gx6cgjhlj9b1ngk16-mailcap-2.1.54.drv",
      "description": "Helper application and MIME type associations for file types",
      "install_id": "mailcap",
      "license": "MIT",
      "locked_url": "https://github.com/flox/nixpkgs?rev=6201e203d09599479a3b3450ed24fa81537ebc4e",
      "name": "mailcap-2.1.54",
      "pname": "mailcap",
      "rev": "6201e203d09599479a3b3450ed24fa81537ebc4e",
      "rev_count": 972949,
      "rev_date": "2026-04-01T09:47:46Z",
      "scrape_date": "2026-04-02T18:01:24.517999Z",
      "stabilities": [
        "staging",
        "unstable"
      ],
      "unfree": false,
      "version": "2.1.54",
      "outputs_to_install": [
        "out",
        "out",
        "out"
      ],
      "outputs": {
        "out": "/nix/store/ykpzlfvvfagx3qrgs5dsbwjijs99yhp4-mailcap-2.1.54"
      },
      "system": "aarch64-darwin",
      "group": "toplevel",
      "priority": 5
    },
    {
      "attr_path": "mailcap",
      "broken": false,
      "derivation": "/nix/store/zg39z637wvpcgmy5c8m08xl5aqfwylb7-mailcap-2.1.54.drv",
      "description": "Helper application and MIME type associations for file types",
      "install_id": "mailcap",
      "license": "MIT",
      "locked_url": "https://github.com/flox/nixpkgs?rev=6201e203d09599479a3b3450ed24fa81537ebc4e",
      "name": "mailcap-2.1.54",
      "pname": "mailcap",
      "rev": "6201e203d09599479a3b3450ed24fa81537ebc4e",
      "rev_count": 972949,
      "rev_date": "2026-04-01T09:47:46Z",
      "scrape_date": "2026-04-02T18:33:08.058985Z",
      "stabilities": [
        "staging",
        "unstable"
      ],
      "unfree": false,
      "version": "2.1.54",
      "outputs_to_install": [
        "out",
        "out",
        "out"
      ],
      "outputs": {
        "out": "/nix/store/s32ijyd5dmfwq4rpiz3wsda4pwnq5q6h-mailcap-2.1.54"
      },
      "system": "aarch64-linux",
      "group": "toplevel",
      "priority": 5
    },
    {
      "attr_path": "mailcap",
      "broken": false,
      "derivation": "/nix/store/pzdgxrnwy5gmd20wrfnzivcidil4zm1l-mailcap-2.1.54.drv",
      "description": "Helper application and MIME type associations for file types",
      "install_id": "mailcap",
      "license": "MIT",
      "locked_url": "https://github.com/flox/nixpkgs?rev=6201e203d09599479a3b3450ed24fa81537ebc4e",
      "name": "mailcap-2.1.54",
      "pname": "mailcap",
      "rev": "6201e203d09599479a3b3450ed24fa81537ebc4e",
      "rev_count": 972949,
      "rev_date": "2026-04-01T09:47:46Z",
      "scrape_date": "2026-04-02T19:02:39.381500Z",
      "stabilities": [
        "staging",
        "unstable"
      ],
      "unfree": false,
      "version": "2.1.54",
      "outputs_to_install": [
        "out"
      ],
      "outputs": {
        "out": "/nix/store/9bb8shawq66k0r68kagpjj0dxvi73x49-mailcap-2.1.54"
      },
      "system": "x86_64-darwin",
      "group": "toplevel",
      "priority": 5
    },
    {
      "attr_path": "mailcap",
      "broken": false,
      "derivation": "/nix/store/fa4yhddrd5bjpksgr0jc3c0383rqsj8p-mailcap-2.1.54.drv",
      "description": "Helper application and MIME type associations for file types",
      "install_id": "mailcap",
      "license": "MIT",
      "locked_url": "https://github.com/flox/nixpkgs?rev=6201e203d09599479a3b3450ed24fa81537ebc4e",
      "name": "mailcap-2.1.54",
      "pname": "mailcap",
      "rev": "6201e203d09599479a3b3450ed24fa81537ebc4e",
      "rev_count": 972949,
      "rev_date": "2026-04-01T09:47:46Z",
      "scrape_date": "2026-04-02T19:37:07.243465Z",
      "stabilities": [
        "staging",
        "unstable"
      ],
      "unfree": false,
      "version": "2.1.54",
      "outputs_to_install": [
        "out",
        "out",
        "out"
      ],
      "outputs": {
        "out": "/nix/store/a6kd5v5x97jnyyzbmiild0m1ikn5yfmg-mailcap-2.1.54"
      },
      "system": "x86_64-linux",
      "group": "toplevel",
      "priority": 5
    },
    {
      "attr_path": "tmux",
      "broken": false,
      "derivation": "/nix/store/p71yk36smzvgrcdnyh569xcvc0cya5q3-tmux-3.6a.drv",
      "description": "Terminal multiplexer",
      "install_id": "tmux",
      "license": "BSD-3-Clause",
      "locked_url": "https://github.com/flox/nixpkgs?rev=6201e203d09599479a3b3450ed24fa81537ebc4e",
      "name": "tmux-3.6a",
      "pname": "tmux",
      "rev": "6201e203d09599479a3b3450ed24fa81537ebc4e",
      "rev_count": 972949,
      "rev_date": "2026-04-01T09:47:46Z",
      "scrape_date": "2026-04-02T18:03:12.979380Z",
      "stabilities": [
        "staging",
        "unstable"
      ],
      "unfree": false,
      "version": "3.6a",
      "outputs_to_install": [
        "man",
        "out"
      ],
      "outputs": {
        "man": "/nix/store/97613zv75x4ffi667lxsvskdszm1zskf-tmux-3.6a-man",
        "out": "/nix/store/3da7sg8vrj0qsmcmrbs46zkndkwmm0fz-tmux-3.6a"
      },
      "system": "aarch64-darwin",
      "group": "toplevel",
      "priority": 5
    },
    {
      "attr_path": "tmux",
      "broken": false,
      "derivation": "/nix/store/mnkc4ymxyrnmrp5qmmpqc9xvqh7szcn3-tmux-3.6a.drv",
      "description": "Terminal multiplexer",
      "install_id": "tmux",
      "license": "BSD-3-Clause",
      "locked_url": "https://github.com/flox/nixpkgs?rev=6201e203d09599479a3b3450ed24fa81537ebc4e",
      "name": "tmux-3.6a",
      "pname": "tmux",
      "rev": "6201e203d09599479a3b3450ed24fa81537ebc4e",
      "rev_count": 972949,
      "rev_date": "2026-04-01T09:47:46Z",
      "scrape_date": "2026-04-02T18:35:24.443081Z",
      "stabilities": [
        "staging",
        "unstable"
      ],
      "unfree": false,
      "version": "3.6a",
      "outputs_to_install": [
        "man",
        "out"
      ],
      "outputs": {
        "man": "/nix/store/wg7n6hqxhh64c27dcrv67ppasplwwhzr-tmux-3.6a-man",
        "out": "/nix/store/mlyqvaa6lcwjfbp1dvzxkd9g46fksdnj-tmux-3.6a"
      },
      "system": "aarch64-linux",
      "group": "toplevel",
      "priority": 5
    },
    {
      "attr_path": "tmux",
      "broken": false,
      "derivation": "/nix/store/aljj4cd5sbvmvnvnyvl5hcmy9hgppnkw-tmux-3.6a.drv",
      "description": "Terminal multiplexer",
      "install_id": "tmux",
      "license": "BSD-3-Clause",
      "locked_url": "https://github.com/flox/nixpkgs?rev=6201e203d09599479a3b3450ed24fa81537ebc4e",
      "name": "tmux-3.6a",
      "pname": "tmux",
      "rev": "6201e203d09599479a3b3450ed24fa81537ebc4e",
      "rev_count": 972949,
      "rev_date": "2026-04-01T09:47:46Z",
      "scrape_date": "2026-04-02T19:04:24.174249Z",
      "stabilities": [
        "staging",
        "unstable"
      ],
      "unfree": false,
      "version": "3.6a",
      "outputs_to_install": [
        "man",
        "out"
      ],
      "outputs": {
        "man": "/nix/store/dddqgabqbwlvn2h7zh8irafs5098ilq6-tmux-3.6a-man",
        "out": "/nix/store/f4qq25ifrh2pcqw5bhkxbcdm6x9g47vq-tmux-3.6a"
      },
      "system": "x86_64-darwin",
      "group": "toplevel",
      "priority": 5
    },
    {
      "attr_path": "tmux",
      "broken": false,
      "derivation": "/nix/store/wcaw5y5v23nkcnyypgbwvf8fnw8ifdgj-tmux-3.6a.drv",
      "description": "Terminal multiplexer",
      "install_id": "tmux",
      "license": "BSD-3-Clause",
      "locked_url": "https://github.com/flox/nixpkgs?rev=6201e203d09599479a3b3450ed24fa81537ebc4e",
      "name": "tmux-3.6a",
      "pname": "tmux",
      "rev": "6201e203d09599479a3b3450ed24fa81537ebc4e",
      "rev_count": 972949,
      "rev_date": "2026-04-01T09:47:46Z",
      "scrape_date": "2026-04-02T19:39:33.636475Z",
      "stabilities": [
        "staging",
        "unstable"
      ],
      "unfree": false,
      "version": "3.6a",
      "outputs_to_install": [
        "man",
        "out"
      ],
      "outputs": {
        "man": "/nix/store/da6scp0i1ix684325rzj3pwx9a7wnbvl-tmux-3.6a-man",
        "out": "/nix/store/rvscgw7b3zdw2j02pghpspq33fq09mad-tmux-3.6a"
      },
      "system": "x86_64-linux",
      "group": "toplevel",
      "priority": 5
    },
    {
      "attr_path": "tzdata",
      "broken": false,
      "derivation": "/nix/store/938h5q37qlqwj8fmyd56jr75zw12vkx4-tzdata-2026a.drv",
      "description": "Database of current and historical time zones",
      "install_id": "tzdata",
      "license": "[ BSD-3-Clause, Public Domain ]",
      "locked_url": "https://github.com/flox/nixpkgs?rev=6201e203d09599479a3b3450ed24fa81537ebc4e",
      "name": "tzdata-2026a",
      "pname": "tzdata",
      "rev": "6201e203d09599479a3b3450ed24fa81537ebc4e",
      "rev_count": 972949,
      "rev_date": "2026-04-01T09:47:46Z",
      "scrape_date": "2026-04-02T18:03:31.001151Z",
      "stabilities": [
        "staging",
        "unstable"
      ],
      "unfree": false,
      "version": "2026a",
      "outputs_to_install": [
        "bin",
        "man"
      ],
      "outputs": {
        "bin": "/nix/store/nrxypn41a3ch3d94zrblrh6m53p8zpx8-tzdata-2026a-bin",
        "dev": "/nix/store/smimkx685scx3gvkpc659dsm5fcxbbr8-tzdata-2026a-dev",
        "man": "/nix/store/mp6c2295fv5lq3fn1vd7x1ji7v37226g-tzdata-2026a-man",
        "out": "/nix/store/vfxb0ds1k2kisiql1vj65cff61yp0jbq-tzdata-2026a"
      },
      "system": "aarch64-darwin",
      "group": "toplevel",
      "priority": 5
    },
    {
      "attr_path": "tzdata",
      "broken": false,
      "derivation": "/nix/store/3xbga33i3j8g4aslgqpgbswvhhqfkhjp-tzdata-2026a.drv",
      "description": "Database of current and historical time zones",
      "install_id": "tzdata",
      "license": "[ BSD-3-Clause, Public Domain ]",
      "locked_url": "https://github.com/flox/nixpkgs?rev=6201e203d09599479a3b3450ed24fa81537ebc4e",
      "name": "tzdata-2026a",
      "pname": "tzdata",
      "rev": "6201e203d09599479a3b3450ed24fa81537ebc4e",
      "rev_count": 972949,
      "rev_date": "2026-04-01T09:47:46Z",
      "scrape_date": "2026-04-02T18:35:45.132010Z",
      "stabilities": [
        "staging",
        "unstable"
      ],
      "unfree": false,
      "version": "2026a",
      "outputs_to_install": [
        "bin",
        "man"
      ],
      "outputs": {
        "bin": "/nix/store/nf9csxic913mba44w4sz5gpr5bci2syh-tzdata-2026a-bin",
        "dev": "/nix/store/jwgasqbnq1nd6pxrafzqn2j9vxd63i9f-tzdata-2026a-dev",
        "man": "/nix/store/nnpxnbzxfszfvyrndqkbl839kza0w13r-tzdata-2026a-man",
        "out": "/nix/store/q88x4d2i4y7cxp7qhvp4fpp4c4lv1nkf-tzdata-2026a"
      },
      "system": "aarch64-linux",
      "group": "toplevel",
      "priority": 5
    },
    {
      "attr_path": "tzdata",
      "broken": false,
      "derivation": "/nix/store/s2pg7kcqms8i07491px6n6x6zgmza62d-tzdata-2026a.drv",
      "description": "Database of current and historical time zones",
      "install_id": "tzdata",
      "license": "[ BSD-3-Clause, Public Domain ]",
      "locked_url": "https://github.com/flox/nixpkgs?rev=6201e203d09599479a3b3450ed24fa81537ebc4e",
      "name": "tzdata-2026a",
      "pname": "tzdata",
      "rev": "6201e203d09599479a3b3450ed24fa81537ebc4e",
      "rev_count": 972949,
      "rev_date": "2026-04-01T09:47:46Z",
      "scrape_date": "2026-04-02T19:04:41.704916Z",
      "stabilities": [
        "staging",
        "unstable"
      ],
      "unfree": false,
      "version": "2026a",
      "outputs_to_install": [
        "bin",
        "man"
      ],
      "outputs": {
        "bin": "/nix/store/svlg0w562xihr5d4m0k8n34k3q50g7vj-tzdata-2026a-bin",
        "dev": "/nix/store/wr0naaxjqip9q8hv8bif8f5bjnbgq64b-tzdata-2026a-dev",
        "man": "/nix/store/86ais6jy7fs358ii8d14nx6skp6vg6wl-tzdata-2026a-man",
        "out": "/nix/store/dyj7gawj7vniibgfxkxrm641kyc7chj1-tzdata-2026a"
      },
      "system": "x86_64-darwin",
      "group": "toplevel",
      "priority": 5
    },
    {
      "attr_path": "tzdata",
      "broken": false,
      "derivation": "/nix/store/k7vfz1mvnvvk1h62p2zr0paagrir7zxx-tzdata-2026a.drv",
      "description": "Database of current and historical time zones",
      "install_id": "tzdata",
      "license": "[ BSD-3-Clause, Public Domain ]",
      "locked_url": "https://github.com/flox/nixpkgs?rev=6201e203d09599479a3b3450ed24fa81537ebc4e",
      "name": "tzdata-2026a",
      "pname": "tzdata",
      "rev": "6201e203d09599479a3b3450ed24fa81537ebc4e",
      "rev_count": 972949,
      "rev_date": "2026-04-01T09:47:46Z",
      "scrape_date": "2026-04-02T19:39:55.738077Z",
      "stabilities": [
        "staging",
        "unstable"
      ],
      "unfree": false,
      "version": "2026a",
      "outputs_to_install": [
        "bin",
        "man"
      ],
      "outputs": {
        "bin": "/nix/store/dnh4894mj2mlyil83byx7fv8xgfkyzi1-tzdata-2026a-bin",
        "dev": "/nix/store/40rv7sbl2b8v07ns0yz0k8vq7gikdi17-tzdata-2026a-dev",
        "man": "/nix/store/3nr7mldix7jah97nlnrr2wcs99kqi2fg-tzdata-2026a-man",
        "out": "/nix/store/h15ranlgwagilr6ajd7ich6d896kf9zd-tzdata-2026a"
      },
      "system": "x86_64-linux",
      "group": "toplevel",
      "priority": 5
    }
  ]
}
